// !$*UTF8*$!
{
	archiveVersion = 1;
	classes = {
	};
	objectVersion = 46;
	objects = {

/* Begin PBXBuildFile section */
		660D11151D001FBB0059413A /* MMMBookViewController.m in Sources */ = {isa = PBXBuildFile; fileRef = 660D11141D001FBB0059413A /* MMMBookViewController.m */; };
		660D11181D001FC90059413A /* MMMBrowserViewController.m in Sources */ = {isa = PBXBuildFile; fileRef = 660D11171D001FC90059413A /* MMMBrowserViewController.m */; };
		660D111B1D001FE20059413A /* MMNCalenderViewController.m in Sources */ = {isa = PBXBuildFile; fileRef = 660D111A1D001FE20059413A /* MMNCalenderViewController.m */; };
		660D111E1D001FF30059413A /* MMMContactsViewController.m in Sources */ = {isa = PBXBuildFile; fileRef = 660D111D1D001FF30059413A /* MMMContactsViewController.m */; };
		660D11211D0020140059413A /* MMMMemorandumViewController.m in Sources */ = {isa = PBXBuildFile; fileRef = 660D11201D0020140059413A /* MMMMemorandumViewController.m */; };
		660D11241D0020570059413A /* MMMMusicPlayerViewController.m in Sources */ = {isa = PBXBuildFile; fileRef = 660D11231D0020570059413A /* MMMMusicPlayerViewController.m */; };
		660D11271D0020640059413A /* MMMPhoneViewController.m in Sources */ = {isa = PBXBuildFile; fileRef = 660D11261D0020640059413A /* MMMPhoneViewController.m */; };
		660D112A1D00207B0059413A /* MMMPocketBookViewController.m in Sources */ = {isa = PBXBuildFile; fileRef = 660D11291D00207B0059413A /* MMMPocketBookViewController.m */; };
		660D112D1D0020880059413A /* MMMVideoViewController.m in Sources */ = {isa = PBXBuildFile; fileRef = 660D112C1D0020880059413A /* MMMVideoViewController.m */; };
		660D11501D002E550059413A /* HelperMExt.m in Sources */ = {isa = PBXBuildFile; fileRef = 660D11321D002E550059413A /* HelperMExt.m */; };
		660D11511D002E550059413A /* LanguageMExt.m in Sources */ = {isa = PBXBuildFile; fileRef = 660D11341D002E550059413A /* LanguageMExt.m */; };
		660D11521D002E550059413A /* NSArray+ExtensionMExt.m in Sources */ = {isa = PBXBuildFile; fileRef = 660D11361D002E550059413A /* NSArray+ExtensionMExt.m */; };
		660D11531D002E550059413A /* NSData+ExtensionMExt.m in Sources */ = {isa = PBXBuildFile; fileRef = 660D11381D002E550059413A /* NSData+ExtensionMExt.m */; };
		660D11541D002E550059413A /* NSDate+ExtensionMExt.m in Sources */ = {isa = PBXBuildFile; fileRef = 660D113A1D002E550059413A /* NSDate+ExtensionMExt.m */; };
		660D11551D002E550059413A /* NSDictionary+ExtensionMExt.m in Sources */ = {isa = PBXBuildFile; fileRef = 660D113C1D002E550059413A /* NSDictionary+ExtensionMExt.m */; };
		660D11561D002E550059413A /* NSObject+ExtensionMExt.m in Sources */ = {isa = PBXBuildFile; fileRef = 660D113E1D002E550059413A /* NSObject+ExtensionMExt.m */; };
		660D11571D002E550059413A /* NSString+ExtensionMExt.m in Sources */ = {isa = PBXBuildFile; fileRef = 660D11401D002E550059413A /* NSString+ExtensionMExt.m */; };
		660D11581D002E550059413A /* UIApplication+ExtensionMExt.m in Sources */ = {isa = PBXBuildFile; fileRef = 660D11421D002E550059413A /* UIApplication+ExtensionMExt.m */; };
		660D11591D002E550059413A /* UIColor+ExtensionMExt.m in Sources */ = {isa = PBXBuildFile; fileRef = 660D11441D002E550059413A /* UIColor+ExtensionMExt.m */; };
		660D115A1D002E550059413A /* UIDevice+ExtensionMExt.m in Sources */ = {isa = PBXBuildFile; fileRef = 660D11461D002E550059413A /* UIDevice+ExtensionMExt.m */; };
		660D115B1D002E550059413A /* UIFont+ExtensionMExt.m in Sources */ = {isa = PBXBuildFile; fileRef = 660D11481D002E550059413A /* UIFont+ExtensionMExt.m */; };
		660D115C1D002E550059413A /* UIImage+ExtensionMExt.m in Sources */ = {isa = PBXBuildFile; fileRef = 660D114A1D002E550059413A /* UIImage+ExtensionMExt.m */; };
		660D115D1D002E550059413A /* UILabel+ExtensionMExt.m in Sources */ = {isa = PBXBuildFile; fileRef = 660D114C1D002E550059413A /* UILabel+ExtensionMExt.m */; };
		660D115E1D002E550059413A /* UIView+ExtensionMExt.m in Sources */ = {isa = PBXBuildFile; fileRef = 660D114E1D002E550059413A /* UIView+ExtensionMExt.m */; };
		660D11601D002F690059413A /* ImageIO.framework in Frameworks */ = {isa = PBXBuildFile; fileRef = 660D115F1D002F690059413A /* ImageIO.framework */; };
		660D11621D002F750059413A /* Security.framework in Frameworks */ = {isa = PBXBuildFile; fileRef = 660D11611D002F750059413A /* Security.framework */; };
		660D11641D002F890059413A /* libz.tbd in Frameworks */ = {isa = PBXBuildFile; fileRef = 660D11631D002F890059413A /* libz.tbd */; };
		6628D6451D07B6770092E003 /* MMNewsViewModel.m in Sources */ = {isa = PBXBuildFile; fileRef = 6628D6441D07B6770092E003 /* MMNewsViewModel.m */; };
		6638556A1CFEBD840048301D /* main.m in Sources */ = {isa = PBXBuildFile; fileRef = 663855691CFEBD840048301D /* main.m */; };
		663855751CFEBD840048301D /* Assets.xcassets in Resources */ = {isa = PBXBuildFile; fileRef = 663855741CFEBD840048301D /* Assets.xcassets */; };
		663855781CFEBD840048301D /* LaunchScreen.storyboard in Resources */ = {isa = PBXBuildFile; fileRef = 663855761CFEBD840048301D /* LaunchScreen.storyboard */; };
		663855831CFEBD840048301D /* MmineTests.m in Sources */ = {isa = PBXBuildFile; fileRef = 663855821CFEBD840048301D /* MmineTests.m */; };
		6638558E1CFEBD840048301D /* MmineUITests.m in Sources */ = {isa = PBXBuildFile; fileRef = 6638558D1CFEBD840048301D /* MmineUITests.m */; };
		663855A81CFEC1A70048301D /* MMBaseTabBarController.m in Sources */ = {isa = PBXBuildFile; fileRef = 663855A71CFEC1A70048301D /* MMBaseTabBarController.m */; };
		663855AE1CFEC1DA0048301D /* MMFirstTabBarController.m in Sources */ = {isa = PBXBuildFile; fileRef = 663855AD1CFEC1DA0048301D /* MMFirstTabBarController.m */; };
		663855B11CFEC2060048301D /* MMBaseNavigationController.m in Sources */ = {isa = PBXBuildFile; fileRef = 663855B01CFEC2060048301D /* MMBaseNavigationController.m */; };
		663855B41CFEC2540048301D /* MMFirstNavigationController.m in Sources */ = {isa = PBXBuildFile; fileRef = 663855B31CFEC2540048301D /* MMFirstNavigationController.m */; };
		663855B71CFEC27D0048301D /* MMBaseViewController.m in Sources */ = {isa = PBXBuildFile; fileRef = 663855B61CFEC27D0048301D /* MMBaseViewController.m */; };
		663855BA1CFEC2980048301D /* MMHomeViewController.m in Sources */ = {isa = PBXBuildFile; fileRef = 663855B91CFEC2980048301D /* MMHomeViewController.m */; };
		663855BD1CFEC2B30048301D /* MMNewsViewController.m in Sources */ = {isa = PBXBuildFile; fileRef = 663855BC1CFEC2B30048301D /* MMNewsViewController.m */; };
		663855C01CFEC3220048301D /* MMAppDelegate.m in Sources */ = {isa = PBXBuildFile; fileRef = 663855BF1CFEC3220048301D /* MMAppDelegate.m */; };
		66464BFD1CFFD7B2004AD267 /* MMHomeViewModel.m in Sources */ = {isa = PBXBuildFile; fileRef = 66464BFC1CFFD7B2004AD267 /* MMHomeViewModel.m */; };
		668774481D05113800DA0C58 /* libDonewsAnalyticsSDK.a in Frameworks */ = {isa = PBXBuildFile; fileRef = 668774471D05113800DA0C58 /* libDonewsAnalyticsSDK.a */; };
		668D25A41D057FE00037498E /* UIBarButtonItem+JAExt.m in Sources */ = {isa = PBXBuildFile; fileRef = 668D25A31D057FE00037498E /* UIBarButtonItem+JAExt.m */; };
		66C381461D012E99006B06F4 /* MMRotatorView.m in Sources */ = {isa = PBXBuildFile; fileRef = 66C381451D012E99006B06F4 /* MMRotatorView.m */; };
		66DA50F71CFEE18C00D74B86 /* MMHomeModuleModel.m in Sources */ = {isa = PBXBuildFile; fileRef = 66DA50F61CFEE18C00D74B86 /* MMHomeModuleModel.m */; };
		66E298781D01947200647CDA /* MMHomeTopView.m in Sources */ = {isa = PBXBuildFile; fileRef = 66E298771D01947200647CDA /* MMHomeTopView.m */; };
		66E6B4011CFECB1E0008A0AF /* MMMeViewController.m in Sources */ = {isa = PBXBuildFile; fileRef = 66E6B4001CFECB1E0008A0AF /* MMMeViewController.m */; };
		66E6B4041CFECB510008A0AF /* MMOneViewController.m in Sources */ = {isa = PBXBuildFile; fileRef = 66E6B4031CFECB510008A0AF /* MMOneViewController.m */; };
		66EF63E51CFECEB300D8B027 /* MMHomeModuleSelectionView.m in Sources */ = {isa = PBXBuildFile; fileRef = 66EF63E41CFECEB300D8B027 /* MMHomeModuleSelectionView.m */; };
		66F488761D069B6C002CAC32 /* MMNewsNavigationController.m in Sources */ = {isa = PBXBuildFile; fileRef = 66F488751D069B6C002CAC32 /* MMNewsNavigationController.m */; };
		66F488791D069DA4002CAC32 /* MMSecondNavigationController.m in Sources */ = {isa = PBXBuildFile; fileRef = 66F488781D069DA4002CAC32 /* MMSecondNavigationController.m */; };
		C6715EC6F3622C38662E5F60 /* Pods.framework in Frameworks */ = {isa = PBXBuildFile; fileRef = 63D988642754B84A263FF9B3 /* Pods.framework */; };
/* End PBXBuildFile section */

/* Begin PBXContainerItemProxy section */
		6638557F1CFEBD840048301D /* PBXContainerItemProxy */ = {
			isa = PBXContainerItemProxy;
			containerPortal = 6638555D1CFEBD840048301D /* Project object */;
			proxyType = 1;
			remoteGlobalIDString = 663855641CFEBD840048301D;
			remoteInfo = Mmine;
		};
		6638558A1CFEBD840048301D /* PBXContainerItemProxy */ = {
			isa = PBXContainerItemProxy;
			containerPortal = 6638555D1CFEBD840048301D /* Project object */;
			proxyType = 1;
			remoteGlobalIDString = 663855641CFEBD840048301D;
			remoteInfo = Mmine;
		};
/* End PBXContainerItemProxy section */

/* Begin PBXFileReference section */
		63D988642754B84A263FF9B3 /* Pods.framework */ = {isa = PBXFileReference; explicitFileType = wrapper.framework; includeInIndex = 0; path = Pods.framework; sourceTree = BUILT_PRODUCTS_DIR; };
		660D11131D001FBB0059413A /* MMMBookViewController.h */ = {isa = PBXFileReference; fileEncoding = 4; lastKnownFileType = sourcecode.c.h; path = MMMBookViewController.h; sourceTree = "<group>"; };
		660D11141D001FBB0059413A /* MMMBookViewController.m */ = {isa = PBXFileReference; fileEncoding = 4; lastKnownFileType = sourcecode.c.objc; path = MMMBookViewController.m; sourceTree = "<group>"; };
		660D11161D001FC90059413A /* MMMBrowserViewController.h */ = {isa = PBXFileReference; fileEncoding = 4; lastKnownFileType = sourcecode.c.h; path = MMMBrowserViewController.h; sourceTree = "<group>"; };
		660D11171D001FC90059413A /* MMMBrowserViewController.m */ = {isa = PBXFileReference; fileEncoding = 4; lastKnownFileType = sourcecode.c.objc; path = MMMBrowserViewController.m; sourceTree = "<group>"; };
		660D11191D001FE20059413A /* MMNCalenderViewController.h */ = {isa = PBXFileReference; fileEncoding = 4; lastKnownFileType = sourcecode.c.h; path = MMNCalenderViewController.h; sourceTree = "<group>"; };
		660D111A1D001FE20059413A /* MMNCalenderViewController.m */ = {isa = PBXFileReference; fileEncoding = 4; lastKnownFileType = sourcecode.c.objc; path = MMNCalenderViewController.m; sourceTree = "<group>"; };
		660D111C1D001FF30059413A /* MMMContactsViewController.h */ = {isa = PBXFileReference; fileEncoding = 4; lastKnownFileType = sourcecode.c.h; path = MMMContactsViewController.h; sourceTree = "<group>"; };
		660D111D1D001FF30059413A /* MMMContactsViewController.m */ = {isa = PBXFileReference; fileEncoding = 4; lastKnownFileType = sourcecode.c.objc; path = MMMContactsViewController.m; sourceTree = "<group>"; };
		660D111F1D0020140059413A /* MMMMemorandumViewController.h */ = {isa = PBXFileReference; fileEncoding = 4; lastKnownFileType = sourcecode.c.h; path = MMMMemorandumViewController.h; sourceTree = "<group>"; };
		660D11201D0020140059413A /* MMMMemorandumViewController.m */ = {isa = PBXFileReference; fileEncoding = 4; lastKnownFileType = sourcecode.c.objc; path = MMMMemorandumViewController.m; sourceTree = "<group>"; };
		660D11221D0020570059413A /* MMMMusicPlayerViewController.h */ = {isa = PBXFileReference; fileEncoding = 4; lastKnownFileType = sourcecode.c.h; path = MMMMusicPlayerViewController.h; sourceTree = "<group>"; };
		660D11231D0020570059413A /* MMMMusicPlayerViewController.m */ = {isa = PBXFileReference; fileEncoding = 4; lastKnownFileType = sourcecode.c.objc; path = MMMMusicPlayerViewController.m; sourceTree = "<group>"; };
		660D11251D0020640059413A /* MMMPhoneViewController.h */ = {isa = PBXFileReference; fileEncoding = 4; lastKnownFileType = sourcecode.c.h; path = MMMPhoneViewController.h; sourceTree = "<group>"; };
		660D11261D0020640059413A /* MMMPhoneViewController.m */ = {isa = PBXFileReference; fileEncoding = 4; lastKnownFileType = sourcecode.c.objc; path = MMMPhoneViewController.m; sourceTree = "<group>"; };
		660D11281D00207B0059413A /* MMMPocketBookViewController.h */ = {isa = PBXFileReference; fileEncoding = 4; lastKnownFileType = sourcecode.c.h; path = MMMPocketBookViewController.h; sourceTree = "<group>"; };
		660D11291D00207B0059413A /* MMMPocketBookViewController.m */ = {isa = PBXFileReference; fileEncoding = 4; lastKnownFileType = sourcecode.c.objc; path = MMMPocketBookViewController.m; sourceTree = "<group>"; };
		660D112B1D0020880059413A /* MMMVideoViewController.h */ = {isa = PBXFileReference; fileEncoding = 4; lastKnownFileType = sourcecode.c.h; path = MMMVideoViewController.h; sourceTree = "<group>"; };
		660D112C1D0020880059413A /* MMMVideoViewController.m */ = {isa = PBXFileReference; fileEncoding = 4; lastKnownFileType = sourcecode.c.objc; path = MMMVideoViewController.m; sourceTree = "<group>"; };
		660D11301D002E550059413A /* ExtensionMacros.h */ = {isa = PBXFileReference; fileEncoding = 4; lastKnownFileType = sourcecode.c.h; path = ExtensionMacros.h; sourceTree = "<group>"; };
		660D11311D002E550059413A /* HelperMExt.h */ = {isa = PBXFileReference; fileEncoding = 4; lastKnownFileType = sourcecode.c.h; path = HelperMExt.h; sourceTree = "<group>"; };
		660D11321D002E550059413A /* HelperMExt.m */ = {isa = PBXFileReference; fileEncoding = 4; lastKnownFileType = sourcecode.c.objc; path = HelperMExt.m; sourceTree = "<group>"; };
		660D11331D002E550059413A /* LanguageMExt.h */ = {isa = PBXFileReference; fileEncoding = 4; lastKnownFileType = sourcecode.c.h; path = LanguageMExt.h; sourceTree = "<group>"; };
		660D11341D002E550059413A /* LanguageMExt.m */ = {isa = PBXFileReference; fileEncoding = 4; lastKnownFileType = sourcecode.c.objc; path = LanguageMExt.m; sourceTree = "<group>"; };
		660D11351D002E550059413A /* NSArray+ExtensionMExt.h */ = {isa = PBXFileReference; fileEncoding = 4; lastKnownFileType = sourcecode.c.h; path = "NSArray+ExtensionMExt.h"; sourceTree = "<group>"; };
		660D11361D002E550059413A /* NSArray+ExtensionMExt.m */ = {isa = PBXFileReference; fileEncoding = 4; lastKnownFileType = sourcecode.c.objc; path = "NSArray+ExtensionMExt.m"; sourceTree = "<group>"; };
		660D11371D002E550059413A /* NSData+ExtensionMExt.h */ = {isa = PBXFileReference; fileEncoding = 4; lastKnownFileType = sourcecode.c.h; path = "NSData+ExtensionMExt.h"; sourceTree = "<group>"; };
		660D11381D002E550059413A /* NSData+ExtensionMExt.m */ = {isa = PBXFileReference; fileEncoding = 4; lastKnownFileType = sourcecode.c.objc; path = "NSData+ExtensionMExt.m"; sourceTree = "<group>"; };
		660D11391D002E550059413A /* NSDate+ExtensionMExt.h */ = {isa = PBXFileReference; fileEncoding = 4; lastKnownFileType = sourcecode.c.h; path = "NSDate+ExtensionMExt.h"; sourceTree = "<group>"; };
		660D113A1D002E550059413A /* NSDate+ExtensionMExt.m */ = {isa = PBXFileReference; fileEncoding = 4; lastKnownFileType = sourcecode.c.objc; path = "NSDate+ExtensionMExt.m"; sourceTree = "<group>"; };
		660D113B1D002E550059413A /* NSDictionary+ExtensionMExt.h */ = {isa = PBXFileReference; fileEncoding = 4; lastKnownFileType = sourcecode.c.h; path = "NSDictionary+ExtensionMExt.h"; sourceTree = "<group>"; };
		660D113C1D002E550059413A /* NSDictionary+ExtensionMExt.m */ = {isa = PBXFileReference; fileEncoding = 4; lastKnownFileType = sourcecode.c.objc; path = "NSDictionary+ExtensionMExt.m"; sourceTree = "<group>"; };
		660D113D1D002E550059413A /* NSObject+ExtensionMExt.h */ = {isa = PBXFileReference; fileEncoding = 4; lastKnownFileType = sourcecode.c.h; path = "NSObject+ExtensionMExt.h"; sourceTree = "<group>"; };
		660D113E1D002E550059413A /* NSObject+ExtensionMExt.m */ = {isa = PBXFileReference; fileEncoding = 4; lastKnownFileType = sourcecode.c.objc; path = "NSObject+ExtensionMExt.m"; sourceTree = "<group>"; };
		660D113F1D002E550059413A /* NSString+ExtensionMExt.h */ = {isa = PBXFileReference; fileEncoding = 4; lastKnownFileType = sourcecode.c.h; path = "NSString+ExtensionMExt.h"; sourceTree = "<group>"; };
		660D11401D002E550059413A /* NSString+ExtensionMExt.m */ = {isa = PBXFileReference; fileEncoding = 4; lastKnownFileType = sourcecode.c.objc; path = "NSString+ExtensionMExt.m"; sourceTree = "<group>"; };
		660D11411D002E550059413A /* UIApplication+ExtensionMExt.h */ = {isa = PBXFileReference; fileEncoding = 4; lastKnownFileType = sourcecode.c.h; path = "UIApplication+ExtensionMExt.h"; sourceTree = "<group>"; };
		660D11421D002E550059413A /* UIApplication+ExtensionMExt.m */ = {isa = PBXFileReference; fileEncoding = 4; lastKnownFileType = sourcecode.c.objc; path = "UIApplication+ExtensionMExt.m"; sourceTree = "<group>"; };
		660D11431D002E550059413A /* UIColor+ExtensionMExt.h */ = {isa = PBXFileReference; fileEncoding = 4; lastKnownFileType = sourcecode.c.h; path = "UIColor+ExtensionMExt.h"; sourceTree = "<group>"; };
		660D11441D002E550059413A /* UIColor+ExtensionMExt.m */ = {isa = PBXFileReference; fileEncoding = 4; lastKnownFileType = sourcecode.c.objc; path = "UIColor+ExtensionMExt.m"; sourceTree = "<group>"; };
		660D11451D002E550059413A /* UIDevice+ExtensionMExt.h */ = {isa = PBXFileReference; fileEncoding = 4; lastKnownFileType = sourcecode.c.h; path = "UIDevice+ExtensionMExt.h"; sourceTree = "<group>"; };
		660D11461D002E550059413A /* UIDevice+ExtensionMExt.m */ = {isa = PBXFileReference; fileEncoding = 4; lastKnownFileType = sourcecode.c.objc; path = "UIDevice+ExtensionMExt.m"; sourceTree = "<group>"; };
		660D11471D002E550059413A /* UIFont+ExtensionMExt.h */ = {isa = PBXFileReference; fileEncoding = 4; lastKnownFileType = sourcecode.c.h; path = "UIFont+ExtensionMExt.h"; sourceTree = "<group>"; };
		660D11481D002E550059413A /* UIFont+ExtensionMExt.m */ = {isa = PBXFileReference; fileEncoding = 4; lastKnownFileType = sourcecode.c.objc; path = "UIFont+ExtensionMExt.m"; sourceTree = "<group>"; };
		660D11491D002E550059413A /* UIImage+ExtensionMExt.h */ = {isa = PBXFileReference; fileEncoding = 4; lastKnownFileType = sourcecode.c.h; path = "UIImage+ExtensionMExt.h"; sourceTree = "<group>"; };
		660D114A1D002E550059413A /* UIImage+ExtensionMExt.m */ = {isa = PBXFileReference; fileEncoding = 4; lastKnownFileType = sourcecode.c.objc; path = "UIImage+ExtensionMExt.m"; sourceTree = "<group>"; };
		660D114B1D002E550059413A /* UILabel+ExtensionMExt.h */ = {isa = PBXFileReference; fileEncoding = 4; lastKnownFileType = sourcecode.c.h; path = "UILabel+ExtensionMExt.h"; sourceTree = "<group>"; };
		660D114C1D002E550059413A /* UILabel+ExtensionMExt.m */ = {isa = PBXFileReference; fileEncoding = 4; lastKnownFileType = sourcecode.c.objc; path = "UILabel+ExtensionMExt.m"; sourceTree = "<group>"; };
		660D114D1D002E550059413A /* UIView+ExtensionMExt.h */ = {isa = PBXFileReference; fileEncoding = 4; lastKnownFileType = sourcecode.c.h; path = "UIView+ExtensionMExt.h"; sourceTree = "<group>"; };
		660D114E1D002E550059413A /* UIView+ExtensionMExt.m */ = {isa = PBXFileReference; fileEncoding = 4; lastKnownFileType = sourcecode.c.objc; path = "UIView+ExtensionMExt.m"; sourceTree = "<group>"; };
		660D114F1D002E550059413A /* MExtensionKit.h */ = {isa = PBXFileReference; fileEncoding = 4; lastKnownFileType = sourcecode.c.h; path = MExtensionKit.h; sourceTree = "<group>"; };
		660D115F1D002F690059413A /* ImageIO.framework */ = {isa = PBXFileReference; lastKnownFileType = wrapper.framework; name = ImageIO.framework; path = System/Library/Frameworks/ImageIO.framework; sourceTree = SDKROOT; };
		660D11611D002F750059413A /* Security.framework */ = {isa = PBXFileReference; lastKnownFileType = wrapper.framework; name = Security.framework; path = System/Library/Frameworks/Security.framework; sourceTree = SDKROOT; };
		660D11631D002F890059413A /* libz.tbd */ = {isa = PBXFileReference; lastKnownFileType = "sourcecode.text-based-dylib-definition"; name = libz.tbd; path = usr/lib/libz.tbd; sourceTree = SDKROOT; };
		6628D6431D07B6770092E003 /* MMNewsViewModel.h */ = {isa = PBXFileReference; fileEncoding = 4; lastKnownFileType = sourcecode.c.h; path = MMNewsViewModel.h; sourceTree = "<group>"; };
		6628D6441D07B6770092E003 /* MMNewsViewModel.m */ = {isa = PBXFileReference; fileEncoding = 4; lastKnownFileType = sourcecode.c.objc; path = MMNewsViewModel.m; sourceTree = "<group>"; };
		663855651CFEBD840048301D /* Mmine.app */ = {isa = PBXFileReference; explicitFileType = wrapper.application; includeInIndex = 0; path = Mmine.app; sourceTree = BUILT_PRODUCTS_DIR; };
		663855691CFEBD840048301D /* main.m */ = {isa = PBXFileReference; lastKnownFileType = sourcecode.c.objc; path = main.m; sourceTree = "<group>"; };
		663855741CFEBD840048301D /* Assets.xcassets */ = {isa = PBXFileReference; lastKnownFileType = folder.assetcatalog; path = Assets.xcassets; sourceTree = "<group>"; };
		663855771CFEBD840048301D /* Base */ = {isa = PBXFileReference; lastKnownFileType = file.storyboard; name = Base; path = Base.lproj/LaunchScreen.storyboard; sourceTree = "<group>"; };
		663855791CFEBD840048301D /* Info.plist */ = {isa = PBXFileReference; lastKnownFileType = text.plist.xml; path = Info.plist; sourceTree = "<group>"; };
		6638557E1CFEBD840048301D /* MmineTests.xctest */ = {isa = PBXFileReference; explicitFileType = wrapper.cfbundle; includeInIndex = 0; path = MmineTests.xctest; sourceTree = BUILT_PRODUCTS_DIR; };
		663855821CFEBD840048301D /* MmineTests.m */ = {isa = PBXFileReference; lastKnownFileType = sourcecode.c.objc; path = MmineTests.m; sourceTree = "<group>"; };
		663855841CFEBD840048301D /* Info.plist */ = {isa = PBXFileReference; lastKnownFileType = text.plist.xml; path = Info.plist; sourceTree = "<group>"; };
		663855891CFEBD840048301D /* MmineUITests.xctest */ = {isa = PBXFileReference; explicitFileType = wrapper.cfbundle; includeInIndex = 0; path = MmineUITests.xctest; sourceTree = BUILT_PRODUCTS_DIR; };
		6638558D1CFEBD840048301D /* MmineUITests.m */ = {isa = PBXFileReference; lastKnownFileType = sourcecode.c.objc; path = MmineUITests.m; sourceTree = "<group>"; };
		6638558F1CFEBD840048301D /* Info.plist */ = {isa = PBXFileReference; lastKnownFileType = text.plist.xml; path = Info.plist; sourceTree = "<group>"; };
		6638559B1CFEBEB00048301D /* PrefixHeader.pch */ = {isa = PBXFileReference; lastKnownFileType = sourcecode.c.h; path = PrefixHeader.pch; sourceTree = "<group>"; };
		663855A61CFEC1A70048301D /* MMBaseTabBarController.h */ = {isa = PBXFileReference; fileEncoding = 4; lastKnownFileType = sourcecode.c.h; path = MMBaseTabBarController.h; sourceTree = "<group>"; };
		663855A71CFEC1A70048301D /* MMBaseTabBarController.m */ = {isa = PBXFileReference; fileEncoding = 4; lastKnownFileType = sourcecode.c.objc; path = MMBaseTabBarController.m; sourceTree = "<group>"; };
		663855AC1CFEC1DA0048301D /* MMFirstTabBarController.h */ = {isa = PBXFileReference; fileEncoding = 4; lastKnownFileType = sourcecode.c.h; path = MMFirstTabBarController.h; sourceTree = "<group>"; };
		663855AD1CFEC1DA0048301D /* MMFirstTabBarController.m */ = {isa = PBXFileReference; fileEncoding = 4; lastKnownFileType = sourcecode.c.objc; path = MMFirstTabBarController.m; sourceTree = "<group>"; };
		663855AF1CFEC2060048301D /* MMBaseNavigationController.h */ = {isa = PBXFileReference; fileEncoding = 4; lastKnownFileType = sourcecode.c.h; path = MMBaseNavigationController.h; sourceTree = "<group>"; };
		663855B01CFEC2060048301D /* MMBaseNavigationController.m */ = {isa = PBXFileReference; fileEncoding = 4; lastKnownFileType = sourcecode.c.objc; path = MMBaseNavigationController.m; sourceTree = "<group>"; };
		663855B21CFEC2540048301D /* MMFirstNavigationController.h */ = {isa = PBXFileReference; fileEncoding = 4; lastKnownFileType = sourcecode.c.h; path = MMFirstNavigationController.h; sourceTree = "<group>"; };
		663855B31CFEC2540048301D /* MMFirstNavigationController.m */ = {isa = PBXFileReference; fileEncoding = 4; lastKnownFileType = sourcecode.c.objc; path = MMFirstNavigationController.m; sourceTree = "<group>"; };
		663855B51CFEC27D0048301D /* MMBaseViewController.h */ = {isa = PBXFileReference; fileEncoding = 4; lastKnownFileType = sourcecode.c.h; path = MMBaseViewController.h; sourceTree = "<group>"; };
		663855B61CFEC27D0048301D /* MMBaseViewController.m */ = {isa = PBXFileReference; fileEncoding = 4; lastKnownFileType = sourcecode.c.objc; path = MMBaseViewController.m; sourceTree = "<group>"; };
		663855B81CFEC2980048301D /* MMHomeViewController.h */ = {isa = PBXFileReference; fileEncoding = 4; lastKnownFileType = sourcecode.c.h; path = MMHomeViewController.h; sourceTree = "<group>"; };
		663855B91CFEC2980048301D /* MMHomeViewController.m */ = {isa = PBXFileReference; fileEncoding = 4; lastKnownFileType = sourcecode.c.objc; path = MMHomeViewController.m; sourceTree = "<group>"; };
		663855BB1CFEC2B30048301D /* MMNewsViewController.h */ = {isa = PBXFileReference; fileEncoding = 4; lastKnownFileType = sourcecode.c.h; path = MMNewsViewController.h; sourceTree = "<group>"; };
		663855BC1CFEC2B30048301D /* MMNewsViewController.m */ = {isa = PBXFileReference; fileEncoding = 4; lastKnownFileType = sourcecode.c.objc; path = MMNewsViewController.m; sourceTree = "<group>"; };
		663855BE1CFEC3220048301D /* MMAppDelegate.h */ = {isa = PBXFileReference; fileEncoding = 4; lastKnownFileType = sourcecode.c.h; path = MMAppDelegate.h; sourceTree = "<group>"; };
		663855BF1CFEC3220048301D /* MMAppDelegate.m */ = {isa = PBXFileReference; fileEncoding = 4; lastKnownFileType = sourcecode.c.objc; path = MMAppDelegate.m; sourceTree = "<group>"; };
		663855C11CFEC3DD0048301D /* CONST.h */ = {isa = PBXFileReference; lastKnownFileType = sourcecode.c.h; path = CONST.h; sourceTree = "<group>"; };
		66464BFB1CFFD7B1004AD267 /* MMHomeViewModel.h */ = {isa = PBXFileReference; fileEncoding = 4; lastKnownFileType = sourcecode.c.h; path = MMHomeViewModel.h; sourceTree = "<group>"; };
		66464BFC1CFFD7B2004AD267 /* MMHomeViewModel.m */ = {isa = PBXFileReference; fileEncoding = 4; lastKnownFileType = sourcecode.c.objc; path = MMHomeViewModel.m; sourceTree = "<group>"; };
		668774451D05113800DA0C58 /* DonewsADView.h */ = {isa = PBXFileReference; fileEncoding = 4; lastKnownFileType = sourcecode.c.h; path = DonewsADView.h; sourceTree = "<group>"; };
		668774461D05113800DA0C58 /* DonewsAnalytics.h */ = {isa = PBXFileReference; fileEncoding = 4; lastKnownFileType = sourcecode.c.h; path = DonewsAnalytics.h; sourceTree = "<group>"; };
		668774471D05113800DA0C58 /* libDonewsAnalyticsSDK.a */ = {isa = PBXFileReference; lastKnownFileType = archive.ar; path = libDonewsAnalyticsSDK.a; sourceTree = "<group>"; };
		668D25A21D057FE00037498E /* UIBarButtonItem+JAExt.h */ = {isa = PBXFileReference; fileEncoding = 4; lastKnownFileType = sourcecode.c.h; path = "UIBarButtonItem+JAExt.h"; sourceTree = "<group>"; };
		668D25A31D057FE00037498E /* UIBarButtonItem+JAExt.m */ = {isa = PBXFileReference; fileEncoding = 4; lastKnownFileType = sourcecode.c.objc; path = "UIBarButtonItem+JAExt.m"; sourceTree = "<group>"; };
		66C381441D012E99006B06F4 /* MMRotatorView.h */ = {isa = PBXFileReference; fileEncoding = 4; lastKnownFileType = sourcecode.c.h; path = MMRotatorView.h; sourceTree = "<group>"; };
		66C381451D012E99006B06F4 /* MMRotatorView.m */ = {isa = PBXFileReference; fileEncoding = 4; lastKnownFileType = sourcecode.c.objc; path = MMRotatorView.m; sourceTree = "<group>"; };
		66DA50F51CFEE18C00D74B86 /* MMHomeModuleModel.h */ = {isa = PBXFileReference; fileEncoding = 4; lastKnownFileType = sourcecode.c.h; path = MMHomeModuleModel.h; sourceTree = "<group>"; };
		66DA50F61CFEE18C00D74B86 /* MMHomeModuleModel.m */ = {isa = PBXFileReference; fileEncoding = 4; lastKnownFileType = sourcecode.c.objc; path = MMHomeModuleModel.m; sourceTree = "<group>"; };
		66E298761D01947200647CDA /* MMHomeTopView.h */ = {isa = PBXFileReference; fileEncoding = 4; lastKnownFileType = sourcecode.c.h; path = MMHomeTopView.h; sourceTree = "<group>"; };
		66E298771D01947200647CDA /* MMHomeTopView.m */ = {isa = PBXFileReference; fileEncoding = 4; lastKnownFileType = sourcecode.c.objc; path = MMHomeTopView.m; sourceTree = "<group>"; };
		66E6B3FF1CFECB1E0008A0AF /* MMMeViewController.h */ = {isa = PBXFileReference; fileEncoding = 4; lastKnownFileType = sourcecode.c.h; path = MMMeViewController.h; sourceTree = "<group>"; };
		66E6B4001CFECB1E0008A0AF /* MMMeViewController.m */ = {isa = PBXFileReference; fileEncoding = 4; lastKnownFileType = sourcecode.c.objc; path = MMMeViewController.m; sourceTree = "<group>"; };
		66E6B4021CFECB510008A0AF /* MMOneViewController.h */ = {isa = PBXFileReference; fileEncoding = 4; lastKnownFileType = sourcecode.c.h; path = MMOneViewController.h; sourceTree = "<group>"; };
		66E6B4031CFECB510008A0AF /* MMOneViewController.m */ = {isa = PBXFileReference; fileEncoding = 4; lastKnownFileType = sourcecode.c.objc; path = MMOneViewController.m; sourceTree = "<group>"; };
		66EF63E31CFECEB300D8B027 /* MMHomeModuleSelectionView.h */ = {isa = PBXFileReference; fileEncoding = 4; lastKnownFileType = sourcecode.c.h; path = MMHomeModuleSelectionView.h; sourceTree = "<group>"; };
		66EF63E41CFECEB300D8B027 /* MMHomeModuleSelectionView.m */ = {isa = PBXFileReference; fileEncoding = 4; lastKnownFileType = sourcecode.c.objc; path = MMHomeModuleSelectionView.m; sourceTree = "<group>"; };
		66F488741D069B6C002CAC32 /* MMNewsNavigationController.h */ = {isa = PBXFileReference; fileEncoding = 4; lastKnownFileType = sourcecode.c.h; path = MMNewsNavigationController.h; sourceTree = "<group>"; };
		66F488751D069B6C002CAC32 /* MMNewsNavigationController.m */ = {isa = PBXFileReference; fileEncoding = 4; lastKnownFileType = sourcecode.c.objc; path = MMNewsNavigationController.m; sourceTree = "<group>"; };
		66F488771D069DA4002CAC32 /* MMSecondNavigationController.h */ = {isa = PBXFileReference; fileEncoding = 4; lastKnownFileType = sourcecode.c.h; path = MMSecondNavigationController.h; sourceTree = "<group>"; };
		66F488781D069DA4002CAC32 /* MMSecondNavigationController.m */ = {isa = PBXFileReference; fileEncoding = 4; lastKnownFileType = sourcecode.c.objc; path = MMSecondNavigationController.m; sourceTree = "<group>"; };
		7EDF14E90BD0A6816FF9CA27 /* Pods.debug.xcconfig */ = {isa = PBXFileReference; includeInIndex = 1; lastKnownFileType = text.xcconfig; name = Pods.debug.xcconfig; path = "Pods/Target Support Files/Pods/Pods.debug.xcconfig"; sourceTree = "<group>"; };
		92B7EF985D94433942D4E44D /* Pods.release.xcconfig */ = {isa = PBXFileReference; includeInIndex = 1; lastKnownFileType = text.xcconfig; name = Pods.release.xcconfig; path = "Pods/Target Support Files/Pods/Pods.release.xcconfig"; sourceTree = "<group>"; };
/* End PBXFileReference section */

/* Begin PBXFrameworksBuildPhase section */
		663855621CFEBD840048301D /* Frameworks */ = {
			isa = PBXFrameworksBuildPhase;
			buildActionMask = 2147483647;
			files = (
				660D11641D002F890059413A /* libz.tbd in Frameworks */,
				668774481D05113800DA0C58 /* libDonewsAnalyticsSDK.a in Frameworks */,
				660D11621D002F750059413A /* Security.framework in Frameworks */,
				660D11601D002F690059413A /* ImageIO.framework in Frameworks */,
				C6715EC6F3622C38662E5F60 /* Pods.framework in Frameworks */,
			);
			runOnlyForDeploymentPostprocessing = 0;
		};
		6638557B1CFEBD840048301D /* Frameworks */ = {
			isa = PBXFrameworksBuildPhase;
			buildActionMask = 2147483647;
			files = (
			);
			runOnlyForDeploymentPostprocessing = 0;
		};
		663855861CFEBD840048301D /* Frameworks */ = {
			isa = PBXFrameworksBuildPhase;
			buildActionMask = 2147483647;
			files = (
			);
			runOnlyForDeploymentPostprocessing = 0;
		};
/* End PBXFrameworksBuildPhase section */

/* Begin PBXGroup section */
		5176FA5F5499D7D542239FF3 /* Frameworks */ = {
			isa = PBXGroup;
			children = (
				660D11631D002F890059413A /* libz.tbd */,
				660D11611D002F750059413A /* Security.framework */,
				660D115F1D002F690059413A /* ImageIO.framework */,
				63D988642754B84A263FF9B3 /* Pods.framework */,
			);
			name = Frameworks;
			sourceTree = "<group>";
		};
		660D110A1D001F990059413A /* MBook */ = {
			isa = PBXGroup;
			children = (
				660D11131D001FBB0059413A /* MMMBookViewController.h */,
				660D11141D001FBB0059413A /* MMMBookViewController.m */,
			);
			path = MBook;
			sourceTree = "<group>";
		};
		660D110B1D001F990059413A /* MBrowser */ = {
			isa = PBXGroup;
			children = (
				660D11161D001FC90059413A /* MMMBrowserViewController.h */,
				660D11171D001FC90059413A /* MMMBrowserViewController.m */,
			);
			path = MBrowser;
			sourceTree = "<group>";
		};
		660D110C1D001F990059413A /* MCalendar */ = {
			isa = PBXGroup;
			children = (
				660D11191D001FE20059413A /* MMNCalenderViewController.h */,
				660D111A1D001FE20059413A /* MMNCalenderViewController.m */,
			);
			path = MCalendar;
			sourceTree = "<group>";
		};
		660D110D1D001F990059413A /* MContacts */ = {
			isa = PBXGroup;
			children = (
				660D111C1D001FF30059413A /* MMMContactsViewController.h */,
				660D111D1D001FF30059413A /* MMMContactsViewController.m */,
			);
			path = MContacts;
			sourceTree = "<group>";
		};
		660D110E1D001F990059413A /* MMemorandum */ = {
			isa = PBXGroup;
			children = (
				660D111F1D0020140059413A /* MMMMemorandumViewController.h */,
				660D11201D0020140059413A /* MMMMemorandumViewController.m */,
			);
			path = MMemorandum;
			sourceTree = "<group>";
		};
		660D110F1D001F990059413A /* MMusicPlayer */ = {
			isa = PBXGroup;
			children = (
				660D11221D0020570059413A /* MMMMusicPlayerViewController.h */,
				660D11231D0020570059413A /* MMMMusicPlayerViewController.m */,
			);
			path = MMusicPlayer;
			sourceTree = "<group>";
		};
		660D11101D001F990059413A /* MPhone */ = {
			isa = PBXGroup;
			children = (
				660D11251D0020640059413A /* MMMPhoneViewController.h */,
				660D11261D0020640059413A /* MMMPhoneViewController.m */,
			);
			path = MPhone;
			sourceTree = "<group>";
		};
		660D11111D001F990059413A /* MPocketBook */ = {
			isa = PBXGroup;
			children = (
				660D11281D00207B0059413A /* MMMPocketBookViewController.h */,
				660D11291D00207B0059413A /* MMMPocketBookViewController.m */,
			);
			path = MPocketBook;
			sourceTree = "<group>";
		};
		660D11121D001F990059413A /* MVideoPlayer */ = {
			isa = PBXGroup;
			children = (
				660D112B1D0020880059413A /* MMMVideoViewController.h */,
				660D112C1D0020880059413A /* MMMVideoViewController.m */,
			);
			path = MVideoPlayer;
			sourceTree = "<group>";
		};
		660D112E1D002E550059413A /* MExtensionKit */ = {
			isa = PBXGroup;
			children = (
				660D112F1D002E550059413A /* MExtensionKit */,
				660D114F1D002E550059413A /* MExtensionKit.h */,
			);
			path = MExtensionKit;
			sourceTree = "<group>";
		};
		660D112F1D002E550059413A /* MExtensionKit */ = {
			isa = PBXGroup;
			children = (
				660D11301D002E550059413A /* ExtensionMacros.h */,
				660D11311D002E550059413A /* HelperMExt.h */,
				660D11321D002E550059413A /* HelperMExt.m */,
				660D11331D002E550059413A /* LanguageMExt.h */,
				660D11341D002E550059413A /* LanguageMExt.m */,
				660D11351D002E550059413A /* NSArray+ExtensionMExt.h */,
				660D11361D002E550059413A /* NSArray+ExtensionMExt.m */,
				660D11371D002E550059413A /* NSData+ExtensionMExt.h */,
				660D11381D002E550059413A /* NSData+ExtensionMExt.m */,
				660D11391D002E550059413A /* NSDate+ExtensionMExt.h */,
				660D113A1D002E550059413A /* NSDate+ExtensionMExt.m */,
				660D113B1D002E550059413A /* NSDictionary+ExtensionMExt.h */,
				660D113C1D002E550059413A /* NSDictionary+ExtensionMExt.m */,
				660D113D1D002E550059413A /* NSObject+ExtensionMExt.h */,
				660D113E1D002E550059413A /* NSObject+ExtensionMExt.m */,
				660D113F1D002E550059413A /* NSString+ExtensionMExt.h */,
				660D11401D002E550059413A /* NSString+ExtensionMExt.m */,
				660D11411D002E550059413A /* UIApplication+ExtensionMExt.h */,
				660D11421D002E550059413A /* UIApplication+ExtensionMExt.m */,
				660D11431D002E550059413A /* UIColor+ExtensionMExt.h */,
				660D11441D002E550059413A /* UIColor+ExtensionMExt.m */,
				660D11451D002E550059413A /* UIDevice+ExtensionMExt.h */,
				660D11461D002E550059413A /* UIDevice+ExtensionMExt.m */,
				660D11471D002E550059413A /* UIFont+ExtensionMExt.h */,
				660D11481D002E550059413A /* UIFont+ExtensionMExt.m */,
				660D11491D002E550059413A /* UIImage+ExtensionMExt.h */,
				660D114A1D002E550059413A /* UIImage+ExtensionMExt.m */,
				660D114B1D002E550059413A /* UILabel+ExtensionMExt.h */,
				660D114C1D002E550059413A /* UILabel+ExtensionMExt.m */,
				660D114D1D002E550059413A /* UIView+ExtensionMExt.h */,
				660D114E1D002E550059413A /* UIView+ExtensionMExt.m */,
			);
			path = MExtensionKit;
			sourceTree = "<group>";
		};
		6638555C1CFEBD840048301D = {
			isa = PBXGroup;
			children = (
				663855671CFEBD840048301D /* Mmine */,
				663855811CFEBD840048301D /* MmineTests */,
				6638558C1CFEBD840048301D /* MmineUITests */,
				663855661CFEBD840048301D /* Products */,
				6998969D302D394BFCDC2B3C /* Pods */,
				5176FA5F5499D7D542239FF3 /* Frameworks */,
			);
			sourceTree = "<group>";
		};
		663855661CFEBD840048301D /* Products */ = {
			isa = PBXGroup;
			children = (
				663855651CFEBD840048301D /* Mmine.app */,
				6638557E1CFEBD840048301D /* MmineTests.xctest */,
				663855891CFEBD840048301D /* MmineUITests.xctest */,
			);
			name = Products;
			sourceTree = "<group>";
		};
		663855671CFEBD840048301D /* Mmine */ = {
			isa = PBXGroup;
			children = (
				6638559D1CFEC10E0048301D /* Classes */,
				663855681CFEBD840048301D /* Supporting Files */,
				6638559B1CFEBEB00048301D /* PrefixHeader.pch */,
			);
			path = Mmine;
			sourceTree = "<group>";
		};
		663855681CFEBD840048301D /* Supporting Files */ = {
			isa = PBXGroup;
			children = (
				663855741CFEBD840048301D /* Assets.xcassets */,
				663855761CFEBD840048301D /* LaunchScreen.storyboard */,
				663855791CFEBD840048301D /* Info.plist */,
				663855691CFEBD840048301D /* main.m */,
				663855BE1CFEC3220048301D /* MMAppDelegate.h */,
				663855BF1CFEC3220048301D /* MMAppDelegate.m */,
			);
			name = "Supporting Files";
			sourceTree = "<group>";
		};
		663855811CFEBD840048301D /* MmineTests */ = {
			isa = PBXGroup;
			children = (
				663855821CFEBD840048301D /* MmineTests.m */,
				663855841CFEBD840048301D /* Info.plist */,
			);
			path = MmineTests;
			sourceTree = "<group>";
		};
		6638558C1CFEBD840048301D /* MmineUITests */ = {
			isa = PBXGroup;
			children = (
				6638558D1CFEBD840048301D /* MmineUITests.m */,
				6638558F1CFEBD840048301D /* Info.plist */,
			);
			path = MmineUITests;
			sourceTree = "<group>";
		};
		6638559D1CFEC10E0048301D /* Classes */ = {
			isa = PBXGroup;
			children = (
				66E6B3F71CFECAFE0008A0AF /* Me */,
				66E6B3FB1CFECAFE0008A0AF /* One */,
				6638559E1CFEC10E0048301D /* Base */,
				6638559F1CFEC10E0048301D /* Home */,
				663855A41CFEC10E0048301D /* Tools */,
			);
			path = Classes;
			sourceTree = "<group>";
		};
		6638559E1CFEC10E0048301D /* Base */ = {
			isa = PBXGroup;
			children = (
				663855A61CFEC1A70048301D /* MMBaseTabBarController.h */,
				663855A71CFEC1A70048301D /* MMBaseTabBarController.m */,
				663855AC1CFEC1DA0048301D /* MMFirstTabBarController.h */,
				663855AD1CFEC1DA0048301D /* MMFirstTabBarController.m */,
				663855AF1CFEC2060048301D /* MMBaseNavigationController.h */,
				663855B01CFEC2060048301D /* MMBaseNavigationController.m */,
				663855B21CFEC2540048301D /* MMFirstNavigationController.h */,
				663855B31CFEC2540048301D /* MMFirstNavigationController.m */,
				663855B51CFEC27D0048301D /* MMBaseViewController.h */,
				663855B61CFEC27D0048301D /* MMBaseViewController.m */,
				66F488771D069DA4002CAC32 /* MMSecondNavigationController.h */,
				66F488781D069DA4002CAC32 /* MMSecondNavigationController.m */,
			);
			path = Base;
			sourceTree = "<group>";
		};
		6638559F1CFEC10E0048301D /* Home */ = {
			isa = PBXGroup;
			children = (
				660D110A1D001F990059413A /* MBook */,
				660D110B1D001F990059413A /* MBrowser */,
				660D110C1D001F990059413A /* MCalendar */,
				660D110D1D001F990059413A /* MContacts */,
				660D110E1D001F990059413A /* MMemorandum */,
				660D110F1D001F990059413A /* MMusicPlayer */,
				660D11101D001F990059413A /* MPhone */,
				660D11111D001F990059413A /* MPocketBook */,
				660D11121D001F990059413A /* MVideoPlayer */,
				663855A01CFEC10E0048301D /* MNews */,
				663855A11CFEC10E0048301D /* Model */,
				663855A21CFEC10E0048301D /* View */,
				663855A31CFEC10E0048301D /* ViewModel */,
				663855B81CFEC2980048301D /* MMHomeViewController.h */,
				663855B91CFEC2980048301D /* MMHomeViewController.m */,
			);
			path = Home;
			sourceTree = "<group>";
		};
		663855A01CFEC10E0048301D /* MNews */ = {
			isa = PBXGroup;
			children = (
				663855BB1CFEC2B30048301D /* MMNewsViewController.h */,
				663855BC1CFEC2B30048301D /* MMNewsViewController.m */,
				66F488741D069B6C002CAC32 /* MMNewsNavigationController.h */,
				66F488751D069B6C002CAC32 /* MMNewsNavigationController.m */,
				6628D6431D07B6770092E003 /* MMNewsViewModel.h */,
				6628D6441D07B6770092E003 /* MMNewsViewModel.m */,
			);
			path = MNews;
			sourceTree = "<group>";
		};
		663855A11CFEC10E0048301D /* Model */ = {
			isa = PBXGroup;
			children = (
				66DA50F51CFEE18C00D74B86 /* MMHomeModuleModel.h */,
				66DA50F61CFEE18C00D74B86 /* MMHomeModuleModel.m */,
			);
			path = Model;
			sourceTree = "<group>";
		};
		663855A21CFEC10E0048301D /* View */ = {
			isa = PBXGroup;
			children = (
				66EF63E31CFECEB300D8B027 /* MMHomeModuleSelectionView.h */,
				66EF63E41CFECEB300D8B027 /* MMHomeModuleSelectionView.m */,
				66C381441D012E99006B06F4 /* MMRotatorView.h */,
				66C381451D012E99006B06F4 /* MMRotatorView.m */,
				66E298761D01947200647CDA /* MMHomeTopView.h */,
				66E298771D01947200647CDA /* MMHomeTopView.m */,
			);
			path = View;
			sourceTree = "<group>";
		};
		663855A31CFEC10E0048301D /* ViewModel */ = {
			isa = PBXGroup;
			children = (
				66464BFB1CFFD7B1004AD267 /* MMHomeViewModel.h */,
				66464BFC1CFFD7B2004AD267 /* MMHomeViewModel.m */,
			);
			path = ViewModel;
			sourceTree = "<group>";
		};
		663855A41CFEC10E0048301D /* Tools */ = {
			isa = PBXGroup;
			children = (
				668D25A11D057FE00037498E /* Categories */,
				668774441D05113800DA0C58 /* DonewsSDK */,
				660D112E1D002E550059413A /* MExtensionKit */,
				663855A51CFEC10E0048301D /* Configs */,
			);
			path = Tools;
			sourceTree = "<group>";
		};
		663855A51CFEC10E0048301D /* Configs */ = {
			isa = PBXGroup;
			children = (
				663855C11CFEC3DD0048301D /* CONST.h */,
			);
			path = Configs;
			sourceTree = "<group>";
		};
		668774441D05113800DA0C58 /* DonewsSDK */ = {
			isa = PBXGroup;
			children = (
				668774451D05113800DA0C58 /* DonewsADView.h */,
				668774461D05113800DA0C58 /* DonewsAnalytics.h */,
				668774471D05113800DA0C58 /* libDonewsAnalyticsSDK.a */,
			);
			path = DonewsSDK;
			sourceTree = "<group>";
		};
		668D25A11D057FE00037498E /* Categories */ = {
			isa = PBXGroup;
			children = (
				668D25A21D057FE00037498E /* UIBarButtonItem+JAExt.h */,
				668D25A31D057FE00037498E /* UIBarButtonItem+JAExt.m */,
			);
			path = Categories;
			sourceTree = "<group>";
		};
		66E6B3F71CFECAFE0008A0AF /* Me */ = {
			isa = PBXGroup;
			children = (
				66E6B3F81CFECAFE0008A0AF /* Model */,
				66E6B3F91CFECAFE0008A0AF /* View */,
				66E6B3FA1CFECAFE0008A0AF /* ViewModel */,
				66E6B3FF1CFECB1E0008A0AF /* MMMeViewController.h */,
				66E6B4001CFECB1E0008A0AF /* MMMeViewController.m */,
			);
			path = Me;
			sourceTree = "<group>";
		};
		66E6B3F81CFECAFE0008A0AF /* Model */ = {
			isa = PBXGroup;
			children = (
			);
			path = Model;
			sourceTree = "<group>";
		};
		66E6B3F91CFECAFE0008A0AF /* View */ = {
			isa = PBXGroup;
			children = (
			);
			path = View;
			sourceTree = "<group>";
		};
		66E6B3FA1CFECAFE0008A0AF /* ViewModel */ = {
			isa = PBXGroup;
			children = (
			);
			path = ViewModel;
			sourceTree = "<group>";
		};
		66E6B3FB1CFECAFE0008A0AF /* One */ = {
			isa = PBXGroup;
			children = (
				66E6B3FC1CFECAFE0008A0AF /* Model */,
				66E6B3FD1CFECAFE0008A0AF /* View */,
				66E6B3FE1CFECAFE0008A0AF /* ViewModel */,
				66E6B4021CFECB510008A0AF /* MMOneViewController.h */,
				66E6B4031CFECB510008A0AF /* MMOneViewController.m */,
			);
			path = One;
			sourceTree = "<group>";
		};
		66E6B3FC1CFECAFE0008A0AF /* Model */ = {
			isa = PBXGroup;
			children = (
			);
			path = Model;
			sourceTree = "<group>";
		};
		66E6B3FD1CFECAFE0008A0AF /* View */ = {
			isa = PBXGroup;
			children = (
			);
			path = View;
			sourceTree = "<group>";
		};
		66E6B3FE1CFECAFE0008A0AF /* ViewModel */ = {
			isa = PBXGroup;
			children = (
			);
			path = ViewModel;
			sourceTree = "<group>";
		};
		6998969D302D394BFCDC2B3C /* Pods */ = {
			isa = PBXGroup;
			children = (
				7EDF14E90BD0A6816FF9CA27 /* Pods.debug.xcconfig */,
				92B7EF985D94433942D4E44D /* Pods.release.xcconfig */,
			);
			name = Pods;
			sourceTree = "<group>";
		};
/* End PBXGroup section */

/* Begin PBXNativeTarget section */
		663855641CFEBD840048301D /* Mmine */ = {
			isa = PBXNativeTarget;
			buildConfigurationList = 663855921CFEBD840048301D /* Build configuration list for PBXNativeTarget "Mmine" */;
			buildPhases = (
				4C27E2EEC71128B2206381E1 /* Check Pods Manifest.lock */,
				663855611CFEBD840048301D /* Sources */,
				663855621CFEBD840048301D /* Frameworks */,
				663855631CFEBD840048301D /* Resources */,
				4DC9DAFF5358B1F660E010E6 /* Embed Pods Frameworks */,
				471C818B95D974C79AD7F0DD /* Copy Pods Resources */,
			);
			buildRules = (
			);
			dependencies = (
			);
			name = Mmine;
			productName = Mmine;
			productReference = 663855651CFEBD840048301D /* Mmine.app */;
			productType = "com.apple.product-type.application";
		};
		6638557D1CFEBD840048301D /* MmineTests */ = {
			isa = PBXNativeTarget;
			buildConfigurationList = 663855951CFEBD840048301D /* Build configuration list for PBXNativeTarget "MmineTests" */;
			buildPhases = (
				6638557A1CFEBD840048301D /* Sources */,
				6638557B1CFEBD840048301D /* Frameworks */,
				6638557C1CFEBD840048301D /* Resources */,
			);
			buildRules = (
			);
			dependencies = (
				663855801CFEBD840048301D /* PBXTargetDependency */,
			);
			name = MmineTests;
			productName = MmineTests;
			productReference = 6638557E1CFEBD840048301D /* MmineTests.xctest */;
			productType = "com.apple.product-type.bundle.unit-test";
		};
		663855881CFEBD840048301D /* MmineUITests */ = {
			isa = PBXNativeTarget;
			buildConfigurationList = 663855981CFEBD840048301D /* Build configuration list for PBXNativeTarget "MmineUITests" */;
			buildPhases = (
				663855851CFEBD840048301D /* Sources */,
				663855861CFEBD840048301D /* Frameworks */,
				663855871CFEBD840048301D /* Resources */,
			);
			buildRules = (
			);
			dependencies = (
				6638558B1CFEBD840048301D /* PBXTargetDependency */,
			);
			name = MmineUITests;
			productName = MmineUITests;
			productReference = 663855891CFEBD840048301D /* MmineUITests.xctest */;
			productType = "com.apple.product-type.bundle.ui-testing";
		};
/* End PBXNativeTarget section */

/* Begin PBXProject section */
		6638555D1CFEBD840048301D /* Project object */ = {
			isa = PBXProject;
			attributes = {
				CLASSPREFIX = MM;
				LastUpgradeCheck = 0730;
				ORGANIZATIONNAME = Ming;
				TargetAttributes = {
					663855641CFEBD840048301D = {
						CreatedOnToolsVersion = 7.3.1;
						DevelopmentTeam = 6RV9KT8A38;
					};
					6638557D1CFEBD840048301D = {
						CreatedOnToolsVersion = 7.3.1;
						DevelopmentTeam = 6RV9KT8A38;
						TestTargetID = 663855641CFEBD840048301D;
					};
					663855881CFEBD840048301D = {
						CreatedOnToolsVersion = 7.3.1;
						DevelopmentTeam = 6RV9KT8A38;
						TestTargetID = 663855641CFEBD840048301D;
					};
				};
			};
			buildConfigurationList = 663855601CFEBD840048301D /* Build configuration list for PBXProject "Mmine" */;
			compatibilityVersion = "Xcode 3.2";
			developmentRegion = English;
			hasScannedForEncodings = 0;
			knownRegions = (
				en,
				Base,
			);
			mainGroup = 6638555C1CFEBD840048301D;
			productRefGroup = 663855661CFEBD840048301D /* Products */;
			projectDirPath = "";
			projectRoot = "";
			targets = (
				663855641CFEBD840048301D /* Mmine */,
				6638557D1CFEBD840048301D /* MmineTests */,
				663855881CFEBD840048301D /* MmineUITests */,
			);
		};
/* End PBXProject section */

/* Begin PBXResourcesBuildPhase section */
		663855631CFEBD840048301D /* Resources */ = {
			isa = PBXResourcesBuildPhase;
			buildActionMask = 2147483647;
			files = (
				663855781CFEBD840048301D /* LaunchScreen.storyboard in Resources */,
				663855751CFEBD840048301D /* Assets.xcassets in Resources */,
			);
			runOnlyForDeploymentPostprocessing = 0;
		};
		6638557C1CFEBD840048301D /* Resources */ = {
			isa = PBXResourcesBuildPhase;
			buildActionMask = 2147483647;
			files = (
			);
			runOnlyForDeploymentPostprocessing = 0;
		};
		663855871CFEBD840048301D /* Resources */ = {
			isa = PBXResourcesBuildPhase;
			buildActionMask = 2147483647;
			files = (
			);
			runOnlyForDeploymentPostprocessing = 0;
		};
/* End PBXResourcesBuildPhase section */

/* Begin PBXShellScriptBuildPhase section */
		471C818B95D974C79AD7F0DD /* Copy Pods Resources */ = {
			isa = PBXShellScriptBuildPhase;
			buildActionMask = 2147483647;
			files = (
			);
			inputPaths = (
			);
			name = "Copy Pods Resources";
			outputPaths = (
			);
			runOnlyForDeploymentPostprocessing = 0;
			shellPath = /bin/sh;
			shellScript = "\"${SRCROOT}/Pods/Target Support Files/Pods/Pods-resources.sh\"\n";
			showEnvVarsInLog = 0;
		};
		4C27E2EEC71128B2206381E1 /* Check Pods Manifest.lock */ = {
			isa = PBXShellScriptBuildPhase;
			buildActionMask = 2147483647;
			files = (
			);
			inputPaths = (
			);
			name = "Check Pods Manifest.lock";
			outputPaths = (
			);
			runOnlyForDeploymentPostprocessing = 0;
			shellPath = /bin/sh;
			shellScript = "diff \"${PODS_ROOT}/../Podfile.lock\" \"${PODS_ROOT}/Manifest.lock\" > /dev/null\nif [[ $? != 0 ]] ; then\n    cat << EOM\nerror: The sandbox is not in sync with the Podfile.lock. Run 'pod install' or update your CocoaPods installation.\nEOM\n    exit 1\nfi\n";
			showEnvVarsInLog = 0;
		};
		4DC9DAFF5358B1F660E010E6 /* Embed Pods Frameworks */ = {
			isa = PBXShellScriptBuildPhase;
			buildActionMask = 2147483647;
			files = (
			);
			inputPaths = (
			);
			name = "Embed Pods Frameworks";
			outputPaths = (
			);
			runOnlyForDeploymentPostprocessing = 0;
			shellPath = /bin/sh;
			shellScript = "\"${SRCROOT}/Pods/Target Support Files/Pods/Pods-frameworks.sh\"\n";
			showEnvVarsInLog = 0;
		};
/* End PBXShellScriptBuildPhase section */

/* Begin PBXSourcesBuildPhase section */
		663855611CFEBD840048301D /* Sources */ = {
			isa = PBXSourcesBuildPhase;
			buildActionMask = 2147483647;
			files = (
				660D111B1D001FE20059413A /* MMNCalenderViewController.m in Sources */,
				668D25A41D057FE00037498E /* UIBarButtonItem+JAExt.m in Sources */,
				660D11511D002E550059413A /* LanguageMExt.m in Sources */,
				660D115D1D002E550059413A /* UILabel+ExtensionMExt.m in Sources */,
				663855B11CFEC2060048301D /* MMBaseNavigationController.m in Sources */,
				660D11571D002E550059413A /* NSString+ExtensionMExt.m in Sources */,
				66E6B4041CFECB510008A0AF /* MMOneViewController.m in Sources */,
				660D11211D0020140059413A /* MMMMemorandumViewController.m in Sources */,
				660D115B1D002E550059413A /* UIFont+ExtensionMExt.m in Sources */,
				660D11561D002E550059413A /* NSObject+ExtensionMExt.m in Sources */,
				663855A81CFEC1A70048301D /* MMBaseTabBarController.m in Sources */,
				660D11521D002E550059413A /* NSArray+ExtensionMExt.m in Sources */,
				663855BD1CFEC2B30048301D /* MMNewsViewController.m in Sources */,
				66EF63E51CFECEB300D8B027 /* MMHomeModuleSelectionView.m in Sources */,
				663855C01CFEC3220048301D /* MMAppDelegate.m in Sources */,
				660D11541D002E550059413A /* NSDate+ExtensionMExt.m in Sources */,
				66F488761D069B6C002CAC32 /* MMNewsNavigationController.m in Sources */,
				663855BA1CFEC2980048301D /* MMHomeViewController.m in Sources */,
				660D11531D002E550059413A /* NSData+ExtensionMExt.m in Sources */,
				660D112A1D00207B0059413A /* MMMPocketBookViewController.m in Sources */,
				660D115C1D002E550059413A /* UIImage+ExtensionMExt.m in Sources */,
				660D11581D002E550059413A /* UIApplication+ExtensionMExt.m in Sources */,
				660D11241D0020570059413A /* MMMMusicPlayerViewController.m in Sources */,
				6628D6451D07B6770092E003 /* MMNewsViewModel.m in Sources */,
				660D11151D001FBB0059413A /* MMMBookViewController.m in Sources */,
				66464BFD1CFFD7B2004AD267 /* MMHomeViewModel.m in Sources */,
				660D11591D002E550059413A /* UIColor+ExtensionMExt.m in Sources */,
				66DA50F71CFEE18C00D74B86 /* MMHomeModuleModel.m in Sources */,
				66C381461D012E99006B06F4 /* MMRotatorView.m in Sources */,
				660D112D1D0020880059413A /* MMMVideoViewController.m in Sources */,
				660D115E1D002E550059413A /* UIView+ExtensionMExt.m in Sources */,
				663855B71CFEC27D0048301D /* MMBaseViewController.m in Sources */,
				663855AE1CFEC1DA0048301D /* MMFirstTabBarController.m in Sources */,
				660D111E1D001FF30059413A /* MMMContactsViewController.m in Sources */,
				663855B41CFEC2540048301D /* MMFirstNavigationController.m in Sources */,
				66E6B4011CFECB1E0008A0AF /* MMMeViewController.m in Sources */,
				660D11271D0020640059413A /* MMMPhoneViewController.m in Sources */,
				660D11501D002E550059413A /* HelperMExt.m in Sources */,
				66E298781D01947200647CDA /* MMHomeTopView.m in Sources */,
				6638556A1CFEBD840048301D /* main.m in Sources */,
				660D115A1D002E550059413A /* UIDevice+ExtensionMExt.m in Sources */,
				660D11181D001FC90059413A /* MMMBrowserViewController.m in Sources */,
				66F488791D069DA4002CAC32 /* MMSecondNavigationController.m in Sources */,
				660D11551D002E550059413A /* NSDictionary+ExtensionMExt.m in Sources */,
			);
			runOnlyForDeploymentPostprocessing = 0;
		};
		6638557A1CFEBD840048301D /* Sources */ = {
			isa = PBXSourcesBuildPhase;
			buildActionMask = 2147483647;
			files = (
				663855831CFEBD840048301D /* MmineTests.m in Sources */,
			);
			runOnlyForDeploymentPostprocessing = 0;
		};
		663855851CFEBD840048301D /* Sources */ = {
			isa = PBXSourcesBuildPhase;
			buildActionMask = 2147483647;
			files = (
				6638558E1CFEBD840048301D /* MmineUITests.m in Sources */,
			);
			runOnlyForDeploymentPostprocessing = 0;
		};
/* End PBXSourcesBuildPhase section */

/* Begin PBXTargetDependency section */
		663855801CFEBD840048301D /* PBXTargetDependency */ = {
			isa = PBXTargetDependency;
			target = 663855641CFEBD840048301D /* Mmine */;
			targetProxy = 6638557F1CFEBD840048301D /* PBXContainerItemProxy */;
		};
		6638558B1CFEBD840048301D /* PBXTargetDependency */ = {
			isa = PBXTargetDependency;
			target = 663855641CFEBD840048301D /* Mmine */;
			targetProxy = 6638558A1CFEBD840048301D /* PBXContainerItemProxy */;
		};
/* End PBXTargetDependency section */

/* Begin PBXVariantGroup section */
		663855761CFEBD840048301D /* LaunchScreen.storyboard */ = {
			isa = PBXVariantGroup;
			children = (
				663855771CFEBD840048301D /* Base */,
			);
			name = LaunchScreen.storyboard;
			sourceTree = "<group>";
		};
/* End PBXVariantGroup section */

/* Begin XCBuildConfiguration section */
		663855901CFEBD840048301D /* Debug */ = {
			isa = XCBuildConfiguration;
			buildSettings = {
				ALWAYS_SEARCH_USER_PATHS = NO;
				CLANG_ANALYZER_NONNULL = YES;
				CLANG_CXX_LANGUAGE_STANDARD = "gnu++0x";
				CLANG_CXX_LIBRARY = "libc++";
				CLANG_ENABLE_MODULES = YES;
				CLANG_ENABLE_OBJC_ARC = YES;
				CLANG_WARN_BOOL_CONVERSION = YES;
				CLANG_WARN_CONSTANT_CONVERSION = YES;
				CLANG_WARN_DIRECT_OBJC_ISA_USAGE = YES_ERROR;
				CLANG_WARN_EMPTY_BODY = YES;
				CLANG_WARN_ENUM_CONVERSION = YES;
				CLANG_WARN_INT_CONVERSION = YES;
				CLANG_WARN_OBJC_ROOT_CLASS = YES_ERROR;
				CLANG_WARN_UNREACHABLE_CODE = YES;
				CLANG_WARN__DUPLICATE_METHOD_MATCH = YES;
				"CODE_SIGN_IDENTITY[sdk=iphoneos*]" = "iPhone Developer";
				COPY_PHASE_STRIP = NO;
				DEBUG_INFORMATION_FORMAT = dwarf;
				ENABLE_STRICT_OBJC_MSGSEND = YES;
				ENABLE_TESTABILITY = YES;
				GCC_C_LANGUAGE_STANDARD = gnu99;
				GCC_DYNAMIC_NO_PIC = NO;
				GCC_NO_COMMON_BLOCKS = YES;
				GCC_OPTIMIZATION_LEVEL = 0;
				GCC_PREPROCESSOR_DEFINITIONS = (
					"DEBUG=1",
					"$(inherited)",
				);
				GCC_WARN_64_TO_32_BIT_CONVERSION = YES;
				GCC_WARN_ABOUT_RETURN_TYPE = YES_ERROR;
				GCC_WARN_UNDECLARED_SELECTOR = YES;
				GCC_WARN_UNINITIALIZED_AUTOS = YES_AGGRESSIVE;
				GCC_WARN_UNUSED_FUNCTION = YES;
				GCC_WARN_UNUSED_VARIABLE = YES;
				IPHONEOS_DEPLOYMENT_TARGET = 9.3;
				MTL_ENABLE_DEBUG_INFO = YES;
				ONLY_ACTIVE_ARCH = YES;
				SDKROOT = iphoneos;
				TARGETED_DEVICE_FAMILY = "1,2";
			};
			name = Debug;
		};
		663855911CFEBD840048301D /* Release */ = {
			isa = XCBuildConfiguration;
			buildSettings = {
				ALWAYS_SEARCH_USER_PATHS = NO;
				CLANG_ANALYZER_NONNULL = YES;
				CLANG_CXX_LANGUAGE_STANDARD = "gnu++0x";
				CLANG_CXX_LIBRARY = "libc++";
				CLANG_ENABLE_MODULES = YES;
				CLANG_ENABLE_OBJC_ARC = YES;
				CLANG_WARN_BOOL_CONVERSION = YES;
				CLANG_WARN_CONSTANT_CONVERSION = YES;
				CLANG_WARN_DIRECT_OBJC_ISA_USAGE = YES_ERROR;
				CLANG_WARN_EMPTY_BODY = YES;
				CLANG_WARN_ENUM_CONVERSION = YES;
				CLANG_WARN_INT_CONVERSION = YES;
				CLANG_WARN_OBJC_ROOT_CLASS = YES_ERROR;
				CLANG_WARN_UNREACHABLE_CODE = YES;
				CLANG_WARN__DUPLICATE_METHOD_MATCH = YES;
				"CODE_SIGN_IDENTITY[sdk=iphoneos*]" = "iPhone Developer";
				COPY_PHASE_STRIP = NO;
				DEBUG_INFORMATION_FORMAT = "dwarf-with-dsym";
				ENABLE_NS_ASSERTIONS = NO;
				ENABLE_STRICT_OBJC_MSGSEND = YES;
				GCC_C_LANGUAGE_STANDARD = gnu99;
				GCC_NO_COMMON_BLOCKS = YES;
				GCC_WARN_64_TO_32_BIT_CONVERSION = YES;
				GCC_WARN_ABOUT_RETURN_TYPE = YES_ERROR;
				GCC_WARN_UNDECLARED_SELECTOR = YES;
				GCC_WARN_UNINITIALIZED_AUTOS = YES_AGGRESSIVE;
				GCC_WARN_UNUSED_FUNCTION = YES;
				GCC_WARN_UNUSED_VARIABLE = YES;
				IPHONEOS_DEPLOYMENT_TARGET = 9.3;
				MTL_ENABLE_DEBUG_INFO = NO;
				SDKROOT = iphoneos;
				TARGETED_DEVICE_FAMILY = "1,2";
				VALIDATE_PRODUCT = YES;
			};
			name = Release;
		};
		663855931CFEBD840048301D /* Debug */ = {
			isa = XCBuildConfiguration;
			baseConfigurationReference = 7EDF14E90BD0A6816FF9CA27 /* Pods.debug.xcconfig */;
			buildSettings = {
				ASSETCATALOG_COMPILER_APPICON_NAME = AppIcon;
				CODE_SIGN_IDENTITY = "iPhone Developer";
				GCC_PREFIX_HEADER = /Users/chenjinming/Documents/Mine/Mmine/PrefixHeader.pch;
				INFOPLIST_FILE = Mmine/Info.plist;
				LD_RUNPATH_SEARCH_PATHS = "$(inherited) @executable_path/Frameworks";
				LIBRARY_SEARCH_PATHS = (
					"$(inherited)",
					"$(PROJECT_DIR)/Mmine/Classes/Tools/DonewsSDK",
				);
				PRODUCT_BUNDLE_IDENTIFIER = com.Ming.Mmine;
				PRODUCT_NAME = "$(TARGET_NAME)";
			};
			name = Debug;
		};
		663855941CFEBD840048301D /* Release */ = {
			isa = XCBuildConfiguration;
			baseConfigurationReference = 92B7EF985D94433942D4E44D /* Pods.release.xcconfig */;
			buildSettings = {
				ASSETCATALOG_COMPILER_APPICON_NAME = AppIcon;
				CODE_SIGN_IDENTITY = "iPhone Developer";
				GCC_PREFIX_HEADER = /Users/chenjinming/Documents/Mine/Mmine/PrefixHeader.pch;
				INFOPLIST_FILE = Mmine/Info.plist;
				LD_RUNPATH_SEARCH_PATHS = "$(inherited) @executable_path/Frameworks";
				LIBRARY_SEARCH_PATHS = (
					"$(inherited)",
					"$(PROJECT_DIR)/Mmine/Classes/Tools/DonewsSDK",
				);
				PRODUCT_BUNDLE_IDENTIFIER = com.Ming.Mmine;
				PRODUCT_NAME = "$(TARGET_NAME)";
			};
			name = Release;
		};
		663855961CFEBD840048301D /* Debug */ = {
			isa = XCBuildConfiguration;
			buildSettings = {
				BUNDLE_LOADER = "$(TEST_HOST)";
				INFOPLIST_FILE = MmineTests/Info.plist;
				LD_RUNPATH_SEARCH_PATHS = "$(inherited) @executable_path/Frameworks @loader_path/Frameworks";
				PRODUCT_BUNDLE_IDENTIFIER = com.Ming.MmineTests;
				PRODUCT_NAME = "$(TARGET_NAME)";
				TEST_HOST = "$(BUILT_PRODUCTS_DIR)/Mmine.app/Mmine";
			};
			name = Debug;
		};
		663855971CFEBD840048301D /* Release */ = {
			isa = XCBuildConfiguration;
			buildSettings = {
				BUNDLE_LOADER = "$(TEST_HOST)";
				INFOPLIST_FILE = MmineTests/Info.plist;
				LD_RUNPATH_SEARCH_PATHS = "$(inherited) @executable_path/Frameworks @loader_path/Frameworks";
				PRODUCT_BUNDLE_IDENTIFIER = com.Ming.MmineTests;
				PRODUCT_NAME = "$(TARGET_NAME)";
				TEST_HOST = "$(BUILT_PRODUCTS_DIR)/Mmine.app/Mmine";
			};
			name = Release;
		};
		663855991CFEBD840048301D /* Debug */ = {
			isa = XCBuildConfiguration;
			buildSettings = {
				INFOPLIST_FILE = MmineUITests/Info.plist;
				LD_RUNPATH_SEARCH_PATHS = "$(inherited) @executable_path/Frameworks @loader_path/Frameworks";
				PRODUCT_BUNDLE_IDENTIFIER = com.Ming.MmineUITests;
				PRODUCT_NAME = "$(TARGET_NAME)";
				TEST_TARGET_NAME = Mmine;
			};
			name = Debug;
		};
		6638559A1CFEBD840048301D /* Release */ = {
			isa = XCBuildConfiguration;
			buildSettings = {
				INFOPLIST_FILE = MmineUITests/Info.plist;
				LD_RUNPATH_SEARCH_PATHS = "$(inherited) @executable_path/Frameworks @loader_path/Frameworks";
				PRODUCT_BUNDLE_IDENTIFIER = com.Ming.MmineUITests;
				PRODUCT_NAME = "$(TARGET_NAME)";
				TEST_TARGET_NAME = Mmine;
			};
			name = Release;
		};
/* End XCBuildConfiguration section */

/* Begin XCConfigurationList section */
		663855601CFEBD840048301D /* Build configuration list for PBXProject "Mmine" */ = {
			isa = XCConfigurationList;
			buildConfigurations = (
				663855901CFEBD840048301D /* Debug */,
				663855911CFEBD840048301D /* Release */,
			);
			defaultConfigurationIsVisible = 0;
			defaultConfigurationName = Release;
		};
		663855921CFEBD840048301D /* Build configuration list for PBXNativeTarget "Mmine" */ = {
			isa = XCConfigurationList;
			buildConfigurations = (
				663855931CFEBD840048301D /* Debug */,
				663855941CFEBD840048301D /* Release */,
			);
			defaultConfigurationIsVisible = 0;
			defaultConfigurationName = Release;
		};
		663855951CFEBD840048301D /* Build configuration list for PBXNativeTarget "MmineTests" */ = {
			isa = XCConfigurationList;
			buildConfigurations = (
				663855961CFEBD840048301D /* Debug */,
				663855971CFEBD840048301D /* Release */,
			);
			defaultConfigurationIsVisible = 0;
			defaultConfigurationName = Release;
		};
		663855981CFEBD840048301D /* Build configuration list for PBXNativeTarget "MmineUITests" */ = {
			isa = XCConfigurationList;
			buildConfigurations = (
				663855991CFEBD840048301D /* Debug */,
				6638559A1CFEBD840048301D /* Release */,
			);
			defaultConfigurationIsVisible = 0;
			defaultConfigurationName = Release;
		};
/* End XCConfigurationList section */
	};
	rootObject = 6638555D1CFEBD840048301D /* Project object */;
}
